
Microsoft Visual Studio Solution File, Format Version 12.00
# Visual Studio Version 17
VisualStudioVersion = 17.6.33815.320
MinimumVisualStudioVersion = 10.0.40219.1
Project("{8BC9CEB8-8B4A-11D0-8D11-00A0C91BC942}") = "ClassSolution", "ClassSolution\ClassSolution.vcxproj", "{C02BA74B-E9F7-4E39-B554-784B73A6B102}"
EndProject
Global
	GlobalSection(SolutionConfigurationPlatforms) = preSolution
		Debug|x64 = Debug|x64
		Debug|x86 = Debug|x86
		Release|x64 = Release|x64
		Release|x86 = Release|x86
	EndGlobalSection
	GlobalSection(ProjectConfigurationPlatforms) = postSolution
		{C02BA74B-E9F7-4E39-B554-784B73A6B102}.Debug|x64.ActiveCfg = Debug|x64
		{C02BA74B-E9F7-4E39-B554-784B73A6B102}.Debug|x64.Build.0 = Debug|x64
		{C02BA74B-E9F7-4E39-B554-784B73A6B102}.Debug|x86.ActiveCfg = Debug|Win32
		{C02BA74B-E9F7-4E39-B554-784B73A6B102}.Debug|x86.Build.0 = Debug|Win32
		{C02BA74B-E9F7-4E39-B554-784B73A6B102}.Release|x64.ActiveCfg = Release|x64
		{C02BA74B-E9F7-4E39-B554-784B73A6B102}.Release|x64.Build.0 = Release|x64
		{C02BA74B-E9F7-4E39-B554-784B73A6B102}.Release|x86.ActiveCfg = Release|Win32
		{C02BA74B-E9F7-4E39-B554-784B73A6B102}.Release|x86.Build.0 = Release|Win32
	EndGlobalSection
	GlobalSection(SolutionProperties) = preSolution
		HideSolutionNode = FALSE
	EndGlobalSection
	GlobalSection(ExtensibilityGlobals) = postSolution
		SolutionGuid = {CC976F9B-4D1E-470F-B317-9971047966EC}
	EndGlobalSection
EndGlobal
