
Microsoft Visual Studio Solution File, Format Version 12.00
# Visual Studio Version 17
VisualStudioVersion = 17.6.33815.320
MinimumVisualStudioVersion = 10.0.40219.1
Project("{8BC9CEB8-8B4A-11D0-8D11-00A0C91BC942}") = "LEX_Analizator_regular", "LEX_Analizator_regular\LEX_Analizator_regular.vcxproj", "{CABEC9F2-CF39-4A7F-AD85-94D8215353F4}"
EndProject
Global
	GlobalSection(SolutionConfigurationPlatforms) = preSolution
		Debug|x64 = Debug|x64
		Debug|x86 = Debug|x86
		Release|x64 = Release|x64
		Release|x86 = Release|x86
	EndGlobalSection
	GlobalSection(ProjectConfigurationPlatforms) = postSolution
		{CABEC9F2-CF39-4A7F-AD85-94D8215353F4}.Debug|x64.ActiveCfg = Debug|x64
		{CABEC9F2-CF39-4A7F-AD85-94D8215353F4}.Debug|x64.Build.0 = Debug|x64
		{CABEC9F2-CF39-4A7F-AD85-94D8215353F4}.Debug|x86.ActiveCfg = Debug|Win32
		{CABEC9F2-CF39-4A7F-AD85-94D8215353F4}.Debug|x86.Build.0 = Debug|Win32
		{CABEC9F2-CF39-4A7F-AD85-94D8215353F4}.Release|x64.ActiveCfg = Release|x64
		{CABEC9F2-CF39-4A7F-AD85-94D8215353F4}.Release|x64.Build.0 = Release|x64
		{CABEC9F2-CF39-4A7F-AD85-94D8215353F4}.Release|x86.ActiveCfg = Release|Win32
		{CABEC9F2-CF39-4A7F-AD85-94D8215353F4}.Release|x86.Build.0 = Release|Win32
	EndGlobalSection
	GlobalSection(SolutionProperties) = preSolution
		HideSolutionNode = FALSE
	EndGlobalSection
	GlobalSection(ExtensibilityGlobals) = postSolution
		SolutionGuid = {B4B1F54A-1EA8-4620-9280-E72976837135}
	EndGlobalSection
EndGlobal
